
Microsoft Visual Studio Solution File, Format Version 12.00
# Visual Studio 15
VisualStudioVersion = 15.0.28307.1062
MinimumVisualStudioVersion = 10.0.40219.1
Project("{FAE04EC0-301F-11D3-BF4B-00C04F79EFBC}") = "Задание_1_к", "Практикум_11\Задание_1_к.csproj", "{6A27E141-85F7-4017-96F6-0F138B2AD4FA}"
EndProject
Project("{FAE04EC0-301F-11D3-BF4B-00C04F79EFBC}") = "Задание_1_г", "Задание_1_г\Задание_1_г.csproj", "{2328F97F-E51C-49DD-8D2E-A9C317B1EC84}"
EndProject
Global
	GlobalSection(SolutionConfigurationPlatforms) = preSolution
		Debug|Any CPU = Debug|Any CPU
		Release|Any CPU = Release|Any CPU
	EndGlobalSection
	GlobalSection(ProjectConfigurationPlatforms) = postSolution
		{6A27E141-85F7-4017-96F6-0F138B2AD4FA}.Debug|Any CPU.ActiveCfg = Debug|Any CPU
		{6A27E141-85F7-4017-96F6-0F138B2AD4FA}.Debug|Any CPU.Build.0 = Debug|Any CPU
		{6A27E141-85F7-4017-96F6-0F138B2AD4FA}.Release|Any CPU.ActiveCfg = Release|Any CPU
		{6A27E141-85F7-4017-96F6-0F138B2AD4FA}.Release|Any CPU.Build.0 = Release|Any CPU
		{2328F97F-E51C-49DD-8D2E-A9C317B1EC84}.Debug|Any CPU.ActiveCfg = Debug|Any CPU
		{2328F97F-E51C-49DD-8D2E-A9C317B1EC84}.Debug|Any CPU.Build.0 = Debug|Any CPU
		{2328F97F-E51C-49DD-8D2E-A9C317B1EC84}.Release|Any CPU.ActiveCfg = Release|Any CPU
		{2328F97F-E51C-49DD-8D2E-A9C317B1EC84}.Release|Any CPU.Build.0 = Release|Any CPU
	EndGlobalSection
	GlobalSection(SolutionProperties) = preSolution
		HideSolutionNode = FALSE
	EndGlobalSection
	GlobalSection(ExtensibilityGlobals) = postSolution
		SolutionGuid = {0C7851BA-D177-481F-B676-B4C9A3A16615}
	EndGlobalSection
EndGlobal
